
Microsoft Visual Studio Solution File, Format Version 11.00
# Visual Studio 2010
Project("{FAE04EC0-301F-11D3-BF4B-00C04F79EFBC}") = "testproject", "testproject\testproject.csproj", "{626AF916-AB1D-4403-BC33-D66EED27D4C8}"
EndProject
Global
	GlobalSection(SolutionConfigurationPlatforms) = preSolution
		Debug|x86 = Debug|x86
		Release|x86 = Release|x86
	EndGlobalSection
	GlobalSection(ProjectConfigurationPlatforms) = postSolution
		{626AF916-AB1D-4403-BC33-D66EED27D4C8}.Debug|x86.ActiveCfg = Debug|x86
		{626AF916-AB1D-4403-BC33-D66EED27D4C8}.Debug|x86.Build.0 = Debug|x86
		{626AF916-AB1D-4403-BC33-D66EED27D4C8}.Release|x86.ActiveCfg = Release|x86
		{626AF916-AB1D-4403-BC33-D66EED27D4C8}.Release|x86.Build.0 = Release|x86
	EndGlobalSection
	GlobalSection(MonoDevelopProperties) = preSolution
		StartupItem = testproject\testproject.csproj
	EndGlobalSection
EndGlobal
